
Microsoft Visual Studio Solution File, Format Version 12.00
# Visual Studio Version 17
VisualStudioVersion = 17.8.34330.188
MinimumVisualStudioVersion = 10.0.40219.1
Project("{FAE04EC0-301F-11D3-BF4B-00C04F79EFBC}") = "EventBookingWebApplication", "EventBookingWebApplication.csproj", "{14DF8CEC-6452-48C5-9FC2-E4C2FEC85E0F}"
EndProject
Global
	GlobalSection(SolutionConfigurationPlatforms) = preSolution
		Debug|Any CPU = Debug|Any CPU
		Release|Any CPU = Release|Any CPU
	EndGlobalSection
	GlobalSection(ProjectConfigurationPlatforms) = postSolution
		{14DF8CEC-6452-48C5-9FC2-E4C2FEC85E0F}.Debug|Any CPU.ActiveCfg = Debug|Any CPU
		{14DF8CEC-6452-48C5-9FC2-E4C2FEC85E0F}.Debug|Any CPU.Build.0 = Debug|Any CPU
		{14DF8CEC-6452-48C5-9FC2-E4C2FEC85E0F}.Release|Any CPU.ActiveCfg = Release|Any CPU
		{14DF8CEC-6452-48C5-9FC2-E4C2FEC85E0F}.Release|Any CPU.Build.0 = Release|Any CPU
	EndGlobalSection
	GlobalSection(SolutionProperties) = preSolution
		HideSolutionNode = FALSE
	EndGlobalSection
	GlobalSection(ExtensibilityGlobals) = postSolution
		SolutionGuid = {04C6569E-D610-44CE-8117-581073FEFAEF}
	EndGlobalSection
EndGlobal
